
Microsoft Visual Studio Solution File, Format Version 10.00
# Visual C++ Express 2008
Project("{8BC9CEB8-8B4A-11D0-8D11-00A0C91BC942}") = "FTDITest", "FTDITest.vcproj", "{418A0CA7-643A-4587-A4F3-AFC3C6BCC86D}"
EndProject
Global
	GlobalSection(SolutionConfigurationPlatforms) = preSolution
		Debug|Win32 = Debug|Win32
		Release|Win32 = Release|Win32
	EndGlobalSection
	GlobalSection(ProjectConfigurationPlatforms) = postSolution
		{418A0CA7-643A-4587-A4F3-AFC3C6BCC86D}.Debug|Win32.ActiveCfg = Debug|Win32
		{418A0CA7-643A-4587-A4F3-AFC3C6BCC86D}.Debug|Win32.Build.0 = Debug|Win32
		{418A0CA7-643A-4587-A4F3-AFC3C6BCC86D}.Release|Win32.ActiveCfg = Release|Win32
		{418A0CA7-643A-4587-A4F3-AFC3C6BCC86D}.Release|Win32.Build.0 = Release|Win32
	EndGlobalSection
	GlobalSection(SolutionProperties) = preSolution
		HideSolutionNode = FALSE
	EndGlobalSection
EndGlobal
